
Microsoft Visual Studio Solution File, Format Version 12.00
# Visual Studio Version 16
VisualStudioVersion = 16.0.28621.142
MinimumVisualStudioVersion = 10.0.40219.1
Project("{9A19103F-16F7-4668-BE54-9A1E7A4F7556}") = "Abb.CqrsEs", "Abb.CqrsEs\Abb.CqrsEs.csproj", "{8EE8B3CD-5922-4A8F-9E25-566BA9D41C2A}"
EndProject
Project("{9A19103F-16F7-4668-BE54-9A1E7A4F7556}") = "Abb.CqrsEs.UnitTests", "Abb.CqrsEs.UnitTests\Abb.CqrsEs.UnitTests.csproj", "{FD992BFC-1B37-4381-8BDD-233FB46CE774}"
EndProject
Project("{9A19103F-16F7-4668-BE54-9A1E7A4F7556}") = "Abb.CqrsEs.Mediatr", "Abb.CqrsEs.Mediatr\Abb.CqrsEs.Mediatr.csproj", "{C072CE03-79C7-4ACA-BE81-2DE513DDE81C}"
EndProject
Project("{9A19103F-16F7-4668-BE54-9A1E7A4F7556}") = "Abb.CqrsEs.Mediatr.UnitTests", "Abb.CqrsEs.Mediatr.UnitTests\Abb.CqrsEs.Mediatr.UnitTests.csproj", "{5841F01C-1FB6-4BDB-87CC-85A1B4081E46}"
EndProject
Project("{9A19103F-16F7-4668-BE54-9A1E7A4F7556}") = "Abb.CqrsEs.DI", "Abb.CqrsEs.DI\Abb.CqrsEs.DI.csproj", "{BDDE93B1-C837-4A45-AA6D-002DE0DB9A1B}"
EndProject
Project("{9A19103F-16F7-4668-BE54-9A1E7A4F7556}") = "Abb.CqrsEs.DI.Lamar", "Abb.CqrsEs.DI.Lamar\Abb.CqrsEs.DI.Lamar.csproj", "{1C33D80A-48F8-44F4-B2B6-10895C5F1DBB}"
EndProject
Project("{9A19103F-16F7-4668-BE54-9A1E7A4F7556}") = "Abb.CqrsEs.DI.Lamar.UnitTests", "Abb.CqrsEs.DI.Lamar.UnitTests\Abb.CqrsEs.DI.Lamar.UnitTests.csproj", "{E5F9BF2E-63E9-4AC5-A6D4-5D53A7582B0E}"
EndProject
Project("{9A19103F-16F7-4668-BE54-9A1E7A4F7556}") = "Abb.CqrsEs.DI.UnitTests", "Abb.CqrsEs.DI.UnitTests\Abb.CqrsEs.DI.UnitTests.csproj", "{52B3459F-6739-45B8-8F73-5696E680E908}"
EndProject
Project("{2150E333-8FDC-42A3-9474-1A3956D46DE8}") = "Solution Items", "Solution Items", "{6A356D9B-BF68-42F3-9FEA-8D244E867142}"
	ProjectSection(SolutionItems) = preProject
		..\azure-pipelines.yml = ..\azure-pipelines.yml
	EndProjectSection
EndProject
Project("{FAE04EC0-301F-11D3-BF4B-00C04F79EFBC}") = "Abb.CqrsEs.Implementations", "Abb.CqrsEs.Implementations\Abb.CqrsEs.Implementations.csproj", "{B8326A59-E3AA-4C13-9ED6-93C26783542E}"
EndProject
Global
	GlobalSection(SolutionConfigurationPlatforms) = preSolution
		Debug|Any CPU = Debug|Any CPU
		Release|Any CPU = Release|Any CPU
	EndGlobalSection
	GlobalSection(ProjectConfigurationPlatforms) = postSolution
		{8EE8B3CD-5922-4A8F-9E25-566BA9D41C2A}.Debug|Any CPU.ActiveCfg = Debug|Any CPU
		{8EE8B3CD-5922-4A8F-9E25-566BA9D41C2A}.Debug|Any CPU.Build.0 = Debug|Any CPU
		{8EE8B3CD-5922-4A8F-9E25-566BA9D41C2A}.Release|Any CPU.ActiveCfg = Release|Any CPU
		{8EE8B3CD-5922-4A8F-9E25-566BA9D41C2A}.Release|Any CPU.Build.0 = Release|Any CPU
		{FD992BFC-1B37-4381-8BDD-233FB46CE774}.Debug|Any CPU.ActiveCfg = Debug|Any CPU
		{FD992BFC-1B37-4381-8BDD-233FB46CE774}.Debug|Any CPU.Build.0 = Debug|Any CPU
		{FD992BFC-1B37-4381-8BDD-233FB46CE774}.Release|Any CPU.ActiveCfg = Release|Any CPU
		{FD992BFC-1B37-4381-8BDD-233FB46CE774}.Release|Any CPU.Build.0 = Release|Any CPU
		{C072CE03-79C7-4ACA-BE81-2DE513DDE81C}.Debug|Any CPU.ActiveCfg = Debug|Any CPU
		{C072CE03-79C7-4ACA-BE81-2DE513DDE81C}.Debug|Any CPU.Build.0 = Debug|Any CPU
		{C072CE03-79C7-4ACA-BE81-2DE513DDE81C}.Release|Any CPU.ActiveCfg = Release|Any CPU
		{C072CE03-79C7-4ACA-BE81-2DE513DDE81C}.Release|Any CPU.Build.0 = Release|Any CPU
		{5841F01C-1FB6-4BDB-87CC-85A1B4081E46}.Debug|Any CPU.ActiveCfg = Debug|Any CPU
		{5841F01C-1FB6-4BDB-87CC-85A1B4081E46}.Debug|Any CPU.Build.0 = Debug|Any CPU
		{5841F01C-1FB6-4BDB-87CC-85A1B4081E46}.Release|Any CPU.ActiveCfg = Release|Any CPU
		{5841F01C-1FB6-4BDB-87CC-85A1B4081E46}.Release|Any CPU.Build.0 = Release|Any CPU
		{BDDE93B1-C837-4A45-AA6D-002DE0DB9A1B}.Debug|Any CPU.ActiveCfg = Debug|Any CPU
		{BDDE93B1-C837-4A45-AA6D-002DE0DB9A1B}.Debug|Any CPU.Build.0 = Debug|Any CPU
		{BDDE93B1-C837-4A45-AA6D-002DE0DB9A1B}.Release|Any CPU.ActiveCfg = Release|Any CPU
		{BDDE93B1-C837-4A45-AA6D-002DE0DB9A1B}.Release|Any CPU.Build.0 = Release|Any CPU
		{1C33D80A-48F8-44F4-B2B6-10895C5F1DBB}.Debug|Any CPU.ActiveCfg = Debug|Any CPU
		{1C33D80A-48F8-44F4-B2B6-10895C5F1DBB}.Debug|Any CPU.Build.0 = Debug|Any CPU
		{1C33D80A-48F8-44F4-B2B6-10895C5F1DBB}.Release|Any CPU.ActiveCfg = Release|Any CPU
		{1C33D80A-48F8-44F4-B2B6-10895C5F1DBB}.Release|Any CPU.Build.0 = Release|Any CPU
		{E5F9BF2E-63E9-4AC5-A6D4-5D53A7582B0E}.Debug|Any CPU.ActiveCfg = Debug|Any CPU
		{E5F9BF2E-63E9-4AC5-A6D4-5D53A7582B0E}.Debug|Any CPU.Build.0 = Debug|Any CPU
		{E5F9BF2E-63E9-4AC5-A6D4-5D53A7582B0E}.Release|Any CPU.ActiveCfg = Release|Any CPU
		{E5F9BF2E-63E9-4AC5-A6D4-5D53A7582B0E}.Release|Any CPU.Build.0 = Release|Any CPU
		{52B3459F-6739-45B8-8F73-5696E680E908}.Debug|Any CPU.ActiveCfg = Debug|Any CPU
		{52B3459F-6739-45B8-8F73-5696E680E908}.Debug|Any CPU.Build.0 = Debug|Any CPU
		{52B3459F-6739-45B8-8F73-5696E680E908}.Release|Any CPU.ActiveCfg = Release|Any CPU
		{52B3459F-6739-45B8-8F73-5696E680E908}.Release|Any CPU.Build.0 = Release|Any CPU
		{B8326A59-E3AA-4C13-9ED6-93C26783542E}.Debug|Any CPU.ActiveCfg = Debug|Any CPU
		{B8326A59-E3AA-4C13-9ED6-93C26783542E}.Debug|Any CPU.Build.0 = Debug|Any CPU
		{B8326A59-E3AA-4C13-9ED6-93C26783542E}.Release|Any CPU.ActiveCfg = Release|Any CPU
		{B8326A59-E3AA-4C13-9ED6-93C26783542E}.Release|Any CPU.Build.0 = Release|Any CPU
	EndGlobalSection
	GlobalSection(SolutionProperties) = preSolution
		HideSolutionNode = FALSE
	EndGlobalSection
	GlobalSection(ExtensibilityGlobals) = postSolution
		SolutionGuid = {A90F5168-2C68-4DAE-82F8-4A0007633CAD}
	EndGlobalSection
EndGlobal
