
Microsoft Visual Studio Solution File, Format Version 12.00
# Visual Studio Version 16
VisualStudioVersion = 16.0.28621.142
MinimumVisualStudioVersion = 10.0.40219.1
Project("{9A19103F-16F7-4668-BE54-9A1E7A4F7556}") = "Abb.CqrsEs", "Abb.CqrsEs\Abb.CqrsEs.csproj", "{8EE8B3CD-5922-4A8F-9E25-566BA9D41C2A}"
EndProject
Project("{9A19103F-16F7-4668-BE54-9A1E7A4F7556}") = "Abb.CqrsEs.UnitTests", "Abb.CqrsEs.UnitTests\Abb.CqrsEs.UnitTests.csproj", "{FD992BFC-1B37-4381-8BDD-233FB46CE774}"
EndProject
Project("{2150E333-8FDC-42A3-9474-1A3956D46DE8}") = "Solution Items", "Solution Items", "{6A356D9B-BF68-42F3-9FEA-8D244E867142}"
	ProjectSection(SolutionItems) = preProject
		..\azure-pipelines.yml = ..\azure-pipelines.yml
	EndProjectSection
EndProject
Project("{9A19103F-16F7-4668-BE54-9A1E7A4F7556}") = "Abb.CqrsEs.EventStore", "Abb.CqrsEs.EventStore\Abb.CqrsEs.EventStore.csproj", "{0A502CF7-0DE2-4055-8C6E-1A842611C8BD}"
EndProject
Project("{9A19103F-16F7-4668-BE54-9A1E7A4F7556}") = "Abb.CqrsEs.EventStore.UnitTests", "Abb.CqrsEs.EventStore.UnitTests\Abb.CqrsEs.EventStore.UnitTests.csproj", "{7481606D-29BA-498F-8555-CDFF2BA2B10E}"
EndProject
Global
	GlobalSection(SolutionConfigurationPlatforms) = preSolution
		Debug|Any CPU = Debug|Any CPU
		Release|Any CPU = Release|Any CPU
	EndGlobalSection
	GlobalSection(ProjectConfigurationPlatforms) = postSolution
		{8EE8B3CD-5922-4A8F-9E25-566BA9D41C2A}.Debug|Any CPU.ActiveCfg = Debug|Any CPU
		{8EE8B3CD-5922-4A8F-9E25-566BA9D41C2A}.Debug|Any CPU.Build.0 = Debug|Any CPU
		{8EE8B3CD-5922-4A8F-9E25-566BA9D41C2A}.Release|Any CPU.ActiveCfg = Release|Any CPU
		{8EE8B3CD-5922-4A8F-9E25-566BA9D41C2A}.Release|Any CPU.Build.0 = Release|Any CPU
		{FD992BFC-1B37-4381-8BDD-233FB46CE774}.Debug|Any CPU.ActiveCfg = Debug|Any CPU
		{FD992BFC-1B37-4381-8BDD-233FB46CE774}.Debug|Any CPU.Build.0 = Debug|Any CPU
		{FD992BFC-1B37-4381-8BDD-233FB46CE774}.Release|Any CPU.ActiveCfg = Release|Any CPU
		{FD992BFC-1B37-4381-8BDD-233FB46CE774}.Release|Any CPU.Build.0 = Release|Any CPU
		{0A502CF7-0DE2-4055-8C6E-1A842611C8BD}.Debug|Any CPU.ActiveCfg = Debug|Any CPU
		{0A502CF7-0DE2-4055-8C6E-1A842611C8BD}.Debug|Any CPU.Build.0 = Debug|Any CPU
		{0A502CF7-0DE2-4055-8C6E-1A842611C8BD}.Release|Any CPU.ActiveCfg = Release|Any CPU
		{0A502CF7-0DE2-4055-8C6E-1A842611C8BD}.Release|Any CPU.Build.0 = Release|Any CPU
		{7481606D-29BA-498F-8555-CDFF2BA2B10E}.Debug|Any CPU.ActiveCfg = Debug|Any CPU
		{7481606D-29BA-498F-8555-CDFF2BA2B10E}.Debug|Any CPU.Build.0 = Debug|Any CPU
		{7481606D-29BA-498F-8555-CDFF2BA2B10E}.Release|Any CPU.ActiveCfg = Release|Any CPU
		{7481606D-29BA-498F-8555-CDFF2BA2B10E}.Release|Any CPU.Build.0 = Release|Any CPU
	EndGlobalSection
	GlobalSection(SolutionProperties) = preSolution
		HideSolutionNode = FALSE
	EndGlobalSection
	GlobalSection(ExtensibilityGlobals) = postSolution
		SolutionGuid = {A90F5168-2C68-4DAE-82F8-4A0007633CAD}
	EndGlobalSection
EndGlobal
